
Microsoft Visual Studio Solution File, Format Version 12.00
# Visual Studio Version 17
VisualStudioVersion = 17.2.32630.192
MinimumVisualStudioVersion = 10.0.40219.1
Project("{FAE04EC0-301F-11D3-BF4B-00C04F79EFBC}") = "BlazorServerSignalRApp", "BlazorServerSignalRApp.csproj", "{53F8AD51-F171-416A-B7D3-91D80D257092}"
EndProject
Global
	GlobalSection(SolutionConfigurationPlatforms) = preSolution
		Debug|Any CPU = Debug|Any CPU
		Release|Any CPU = Release|Any CPU
	EndGlobalSection
	GlobalSection(ProjectConfigurationPlatforms) = postSolution
		{53F8AD51-F171-416A-B7D3-91D80D257092}.Debug|Any CPU.ActiveCfg = Debug|Any CPU
		{53F8AD51-F171-416A-B7D3-91D80D257092}.Debug|Any CPU.Build.0 = Debug|Any CPU
		{53F8AD51-F171-416A-B7D3-91D80D257092}.Release|Any CPU.ActiveCfg = Release|Any CPU
		{53F8AD51-F171-416A-B7D3-91D80D257092}.Release|Any CPU.Build.0 = Release|Any CPU
	EndGlobalSection
	GlobalSection(SolutionProperties) = preSolution
		HideSolutionNode = FALSE
	EndGlobalSection
	GlobalSection(ExtensibilityGlobals) = postSolution
		SolutionGuid = {BE1FE71F-7710-4C94-965A-66D77915F8C2}
	EndGlobalSection
EndGlobal
